// !$*UTF8*$!
{
	archiveVersion = 1;
	classes = {
	};
	objectVersion = 46;
	objects = {

/* Begin PBXBuildFile section */
		A239719A1B33035300F6611F /* Ivo.mp3 in Resources */ = {isa = PBXBuildFile; fileRef = A239718B1B33035300F6611F /* Ivo.mp3 */; };
		A239719B1B33035300F6611F /* Ires.mp3 in Resources */ = {isa = PBXBuildFile; fileRef = A239718C1B33035300F6611F /* Ires.mp3 */; };
		A239719C1B33035300F6611F /* Lieve.mp3 in Resources */ = {isa = PBXBuildFile; fileRef = A239718D1B33035300F6611F /* Lieve.mp3 */; };
		A239719D1B33035300F6611F /* Isabel.mp3 in Resources */ = {isa = PBXBuildFile; fileRef = A239718E1B33035300F6611F /* Isabel.mp3 */; };
		A239719E1B33035300F6611F /* Lieke.mp3 in Resources */ = {isa = PBXBuildFile; fileRef = A239718F1B33035300F6611F /* Lieke.mp3 */; };
		A239719F1B33035300F6611F /* Nina.mp3 in Resources */ = {isa = PBXBuildFile; fileRef = A23971901B33035300F6611F /* Nina.mp3 */; };
		A23971A01B33035300F6611F /* Esmee.mp3 in Resources */ = {isa = PBXBuildFile; fileRef = A23971911B33035300F6611F /* Esmee.mp3 */; };
		A23971A11B33035300F6611F /* Nanne.mp3 in Resources */ = {isa = PBXBuildFile; fileRef = A23971921B33035300F6611F /* Nanne.mp3 */; };
		A23971A21B33035300F6611F /* Roel.mp3 in Resources */ = {isa = PBXBuildFile; fileRef = A23971931B33035300F6611F /* Roel.mp3 */; };
		A23971A31B33035300F6611F /* David.mp3 in Resources */ = {isa = PBXBuildFile; fileRef = A23971941B33035300F6611F /* David.mp3 */; };
		A23971A41B33035300F6611F /* Lola.mp3 in Resources */ = {isa = PBXBuildFile; fileRef = A23971951B33035300F6611F /* Lola.mp3 */; };
		A23971A51B33035300F6611F /* Mertcan.mp3 in Resources */ = {isa = PBXBuildFile; fileRef = A23971961B33035300F6611F /* Mertcan.mp3 */; };
		A23971A61B33035300F6611F /* Puk.mp3 in Resources */ = {isa = PBXBuildFile; fileRef = A23971971B33035300F6611F /* Puk.mp3 */; };
		A23971A71B33035300F6611F /* Nora.mp3 in Resources */ = {isa = PBXBuildFile; fileRef = A23971981B33035300F6611F /* Nora.mp3 */; };
		A23971A81B33035300F6611F /* Jules.mp3 in Resources */ = {isa = PBXBuildFile; fileRef = A23971991B33035300F6611F /* Jules.mp3 */; };
		A23971AA1B33035B00F6611F /* Bodil.mp3 in Resources */ = {isa = PBXBuildFile; fileRef = A23971A91B33035B00F6611F /* Bodil.mp3 */; };
		A2681E271B20671900FA6C33 /* AppDelegate.swift in Sources */ = {isa = PBXBuildFile; fileRef = A2681E261B20671900FA6C33 /* AppDelegate.swift */; };
		A2681E2E1B20671900FA6C33 /* Images.xcassets in Resources */ = {isa = PBXBuildFile; fileRef = A2681E2D1B20671900FA6C33 /* Images.xcassets */; };
		A2681E3D1B20671900FA6C33 /* No_Kiddin_Tests.swift in Sources */ = {isa = PBXBuildFile; fileRef = A2681E3C1B20671900FA6C33 /* No_Kiddin_Tests.swift */; };
		A2681E4D1B20676300FA6C33 /* CornerView.swift in Sources */ = {isa = PBXBuildFile; fileRef = A2681E4A1B20676300FA6C33 /* CornerView.swift */; };
		A2681E4E1B20676300FA6C33 /* KidCollectionViewCell.swift in Sources */ = {isa = PBXBuildFile; fileRef = A2681E4B1B20676300FA6C33 /* KidCollectionViewCell.swift */; };
		A2681E4F1B20676300FA6C33 /* KidsCollectionView.swift in Sources */ = {isa = PBXBuildFile; fileRef = A2681E4C1B20676300FA6C33 /* KidsCollectionView.swift */; };
		A2681E531B20676A00FA6C33 /* DetailViewController.swift in Sources */ = {isa = PBXBuildFile; fileRef = A2681E501B20676A00FA6C33 /* DetailViewController.swift */; };
		A2681E541B20676A00FA6C33 /* InfoViewController.swift in Sources */ = {isa = PBXBuildFile; fileRef = A2681E511B20676A00FA6C33 /* InfoViewController.swift */; };
		A2681E551B20676A00FA6C33 /* KidsViewController.swift in Sources */ = {isa = PBXBuildFile; fileRef = A2681E521B20676A00FA6C33 /* KidsViewController.swift */; };
		A2681E581B20677400FA6C33 /* DetailViewModel.swift in Sources */ = {isa = PBXBuildFile; fileRef = A2681E561B20677400FA6C33 /* DetailViewModel.swift */; };
		A2681E591B20677400FA6C33 /* KidViewModel.swift in Sources */ = {isa = PBXBuildFile; fileRef = A2681E571B20677400FA6C33 /* KidViewModel.swift */; };
		A2681E601B2067D000FA6C33 /* Int+Random.swift in Sources */ = {isa = PBXBuildFile; fileRef = A2681E5E1B2067D000FA6C33 /* Int+Random.swift */; };
		A2681E611B2067D000FA6C33 /* UIColor+RGBA.swift in Sources */ = {isa = PBXBuildFile; fileRef = A2681E5F1B2067D000FA6C33 /* UIColor+RGBA.swift */; };
		A2681E661B20686000FA6C33 /* Art.swift in Sources */ = {isa = PBXBuildFile; fileRef = A2681E641B20686000FA6C33 /* Art.swift */; };
		A2681E671B20686000FA6C33 /* FadeViewControllerTransition.swift in Sources */ = {isa = PBXBuildFile; fileRef = A2681E651B20686000FA6C33 /* FadeViewControllerTransition.swift */; };
		A271A0761B2068CC00351EB5 /* MediaPlayer.framework in Frameworks */ = {isa = PBXBuildFile; fileRef = A271A0751B2068CC00351EB5 /* MediaPlayer.framework */; };
		A274C3021B286BDB002A5F39 /* MoviePlayerController.swift in Sources */ = {isa = PBXBuildFile; fileRef = A274C3011B286BDB002A5F39 /* MoviePlayerController.swift */; };
		A2898A7C1B2AED8400CA0E32 /* Lieke.srt in Resources */ = {isa = PBXBuildFile; fileRef = A2898A7B1B2AED8400CA0E32 /* Lieke.srt */; };
		A2D550611B2070C8003DE371 /* toekomstbk-webfont.ttf in Resources */ = {isa = PBXBuildFile; fileRef = A2681E621B2067DF00FA6C33 /* toekomstbk-webfont.ttf */; };
		A2D550621B2070C8003DE371 /* toekomstmd-webfont.ttf in Resources */ = {isa = PBXBuildFile; fileRef = A2681E631B2067DF00FA6C33 /* toekomstmd-webfont.ttf */; };
		A2DE58671B2AE605007446FC /* Bodil.srt in Resources */ = {isa = PBXBuildFile; fileRef = A2DE58581B2AE605007446FC /* Bodil.srt */; };
		A2DE58681B2AE605007446FC /* David.srt in Resources */ = {isa = PBXBuildFile; fileRef = A2DE58591B2AE605007446FC /* David.srt */; };
		A2DE58691B2AE605007446FC /* Esmee.srt in Resources */ = {isa = PBXBuildFile; fileRef = A2DE585A1B2AE605007446FC /* Esmee.srt */; };
		A2DE586A1B2AE605007446FC /* Ires.srt in Resources */ = {isa = PBXBuildFile; fileRef = A2DE585B1B2AE605007446FC /* Ires.srt */; };
		A2DE586B1B2AE605007446FC /* Isabel.srt in Resources */ = {isa = PBXBuildFile; fileRef = A2DE585C1B2AE605007446FC /* Isabel.srt */; };
		A2DE586C1B2AE605007446FC /* Ivo.srt in Resources */ = {isa = PBXBuildFile; fileRef = A2DE585D1B2AE605007446FC /* Ivo.srt */; };
		A2DE586D1B2AE605007446FC /* Jules.srt in Resources */ = {isa = PBXBuildFile; fileRef = A2DE585E1B2AE605007446FC /* Jules.srt */; };
		A2DE586E1B2AE605007446FC /* Lieve.srt in Resources */ = {isa = PBXBuildFile; fileRef = A2DE585F1B2AE605007446FC /* Lieve.srt */; };
		A2DE586F1B2AE605007446FC /* Lola.srt in Resources */ = {isa = PBXBuildFile; fileRef = A2DE58601B2AE605007446FC /* Lola.srt */; };
		A2DE58701B2AE605007446FC /* Mertcan.srt in Resources */ = {isa = PBXBuildFile; fileRef = A2DE58611B2AE605007446FC /* Mertcan.srt */; };
		A2DE58711B2AE605007446FC /* Nanne.srt in Resources */ = {isa = PBXBuildFile; fileRef = A2DE58621B2AE605007446FC /* Nanne.srt */; };
		A2DE58721B2AE605007446FC /* Nina.srt in Resources */ = {isa = PBXBuildFile; fileRef = A2DE58631B2AE605007446FC /* Nina.srt */; };
		A2DE58731B2AE605007446FC /* Nora.srt in Resources */ = {isa = PBXBuildFile; fileRef = A2DE58641B2AE605007446FC /* Nora.srt */; };
		A2DE58741B2AE605007446FC /* Puk.srt in Resources */ = {isa = PBXBuildFile; fileRef = A2DE58651B2AE605007446FC /* Puk.srt */; };
		A2DE58751B2AE605007446FC /* Roel.srt in Resources */ = {isa = PBXBuildFile; fileRef = A2DE58661B2AE605007446FC /* Roel.srt */; };
		E5A9D192BE7C0B15B66225E9 /* libPods.a in Frameworks */ = {isa = PBXBuildFile; fileRef = 2E51000586C0E0F82BE8FF39 /* libPods.a */; };
/* End PBXBuildFile section */

/* Begin PBXContainerItemProxy section */
		A2681E371B20671900FA6C33 /* PBXContainerItemProxy */ = {
			isa = PBXContainerItemProxy;
			containerPortal = A2681E191B20671900FA6C33 /* Project object */;
			proxyType = 1;
			remoteGlobalIDString = A2681E201B20671900FA6C33;
			remoteInfo = "No Kiddin'";
		};
/* End PBXContainerItemProxy section */

/* Begin PBXFileReference section */
		2E51000586C0E0F82BE8FF39 /* libPods.a */ = {isa = PBXFileReference; explicitFileType = archive.ar; includeInIndex = 0; path = libPods.a; sourceTree = BUILT_PRODUCTS_DIR; };
		803E2B9C82D1B0D58EA891B4 /* Pods.release.xcconfig */ = {isa = PBXFileReference; includeInIndex = 1; lastKnownFileType = text.xcconfig; name = Pods.release.xcconfig; path = "Pods/Target Support Files/Pods/Pods.release.xcconfig"; sourceTree = "<group>"; };
		A239718B1B33035300F6611F /* Ivo.mp3 */ = {isa = PBXFileReference; lastKnownFileType = audio.mp3; path = Ivo.mp3; sourceTree = "<group>"; };
		A239718C1B33035300F6611F /* Ires.mp3 */ = {isa = PBXFileReference; lastKnownFileType = audio.mp3; path = Ires.mp3; sourceTree = "<group>"; };
		A239718D1B33035300F6611F /* Lieve.mp3 */ = {isa = PBXFileReference; lastKnownFileType = audio.mp3; path = Lieve.mp3; sourceTree = "<group>"; };
		A239718E1B33035300F6611F /* Isabel.mp3 */ = {isa = PBXFileReference; lastKnownFileType = audio.mp3; path = Isabel.mp3; sourceTree = "<group>"; };
		A239718F1B33035300F6611F /* Lieke.mp3 */ = {isa = PBXFileReference; lastKnownFileType = audio.mp3; path = Lieke.mp3; sourceTree = "<group>"; };
		A23971901B33035300F6611F /* Nina.mp3 */ = {isa = PBXFileReference; lastKnownFileType = audio.mp3; path = Nina.mp3; sourceTree = "<group>"; };
		A23971911B33035300F6611F /* Esmee.mp3 */ = {isa = PBXFileReference; lastKnownFileType = audio.mp3; path = Esmee.mp3; sourceTree = "<group>"; };
		A23971921B33035300F6611F /* Nanne.mp3 */ = {isa = PBXFileReference; lastKnownFileType = audio.mp3; path = Nanne.mp3; sourceTree = "<group>"; };
		A23971931B33035300F6611F /* Roel.mp3 */ = {isa = PBXFileReference; lastKnownFileType = audio.mp3; path = Roel.mp3; sourceTree = "<group>"; };
		A23971941B33035300F6611F /* David.mp3 */ = {isa = PBXFileReference; lastKnownFileType = audio.mp3; path = David.mp3; sourceTree = "<group>"; };
		A23971951B33035300F6611F /* Lola.mp3 */ = {isa = PBXFileReference; lastKnownFileType = audio.mp3; path = Lola.mp3; sourceTree = "<group>"; };
		A23971961B33035300F6611F /* Mertcan.mp3 */ = {isa = PBXFileReference; lastKnownFileType = audio.mp3; path = Mertcan.mp3; sourceTree = "<group>"; };
		A23971971B33035300F6611F /* Puk.mp3 */ = {isa = PBXFileReference; lastKnownFileType = audio.mp3; path = Puk.mp3; sourceTree = "<group>"; };
		A23971981B33035300F6611F /* Nora.mp3 */ = {isa = PBXFileReference; lastKnownFileType = audio.mp3; path = Nora.mp3; sourceTree = "<group>"; };
		A23971991B33035300F6611F /* Jules.mp3 */ = {isa = PBXFileReference; lastKnownFileType = audio.mp3; path = Jules.mp3; sourceTree = "<group>"; };
		A23971A91B33035B00F6611F /* Bodil.mp3 */ = {isa = PBXFileReference; lastKnownFileType = audio.mp3; path = Bodil.mp3; sourceTree = "<group>"; };
		A2681E211B20671900FA6C33 /* No Kiddin'.app */ = {isa = PBXFileReference; explicitFileType = wrapper.application; includeInIndex = 0; path = "No Kiddin'.app"; sourceTree = BUILT_PRODUCTS_DIR; };
		A2681E251B20671900FA6C33 /* Info.plist */ = {isa = PBXFileReference; lastKnownFileType = text.plist.xml; path = Info.plist; sourceTree = "<group>"; };
		A2681E261B20671900FA6C33 /* AppDelegate.swift */ = {isa = PBXFileReference; lastKnownFileType = sourcecode.swift; path = AppDelegate.swift; sourceTree = "<group>"; };
		A2681E2D1B20671900FA6C33 /* Images.xcassets */ = {isa = PBXFileReference; lastKnownFileType = folder.assetcatalog; path = Images.xcassets; sourceTree = "<group>"; };
		A2681E361B20671900FA6C33 /* No Kiddin'Tests.xctest */ = {isa = PBXFileReference; explicitFileType = wrapper.cfbundle; includeInIndex = 0; path = "No Kiddin'Tests.xctest"; sourceTree = BUILT_PRODUCTS_DIR; };
		A2681E3B1B20671900FA6C33 /* Info.plist */ = {isa = PBXFileReference; lastKnownFileType = text.plist.xml; path = Info.plist; sourceTree = "<group>"; };
		A2681E3C1B20671900FA6C33 /* No_Kiddin_Tests.swift */ = {isa = PBXFileReference; lastKnownFileType = sourcecode.swift; path = No_Kiddin_Tests.swift; sourceTree = "<group>"; };
		A2681E4A1B20676300FA6C33 /* CornerView.swift */ = {isa = PBXFileReference; fileEncoding = 4; lastKnownFileType = sourcecode.swift; path = CornerView.swift; sourceTree = "<group>"; };
		A2681E4B1B20676300FA6C33 /* KidCollectionViewCell.swift */ = {isa = PBXFileReference; fileEncoding = 4; lastKnownFileType = sourcecode.swift; path = KidCollectionViewCell.swift; sourceTree = "<group>"; };
		A2681E4C1B20676300FA6C33 /* KidsCollectionView.swift */ = {isa = PBXFileReference; fileEncoding = 4; lastKnownFileType = sourcecode.swift; path = KidsCollectionView.swift; sourceTree = "<group>"; };
		A2681E501B20676A00FA6C33 /* DetailViewController.swift */ = {isa = PBXFileReference; fileEncoding = 4; lastKnownFileType = sourcecode.swift; path = DetailViewController.swift; sourceTree = "<group>"; };
		A2681E511B20676A00FA6C33 /* InfoViewController.swift */ = {isa = PBXFileReference; fileEncoding = 4; lastKnownFileType = sourcecode.swift; path = InfoViewController.swift; sourceTree = "<group>"; };
		A2681E521B20676A00FA6C33 /* KidsViewController.swift */ = {isa = PBXFileReference; fileEncoding = 4; lastKnownFileType = sourcecode.swift; path = KidsViewController.swift; sourceTree = "<group>"; };
		A2681E561B20677400FA6C33 /* DetailViewModel.swift */ = {isa = PBXFileReference; fileEncoding = 4; lastKnownFileType = sourcecode.swift; path = DetailViewModel.swift; sourceTree = "<group>"; };
		A2681E571B20677400FA6C33 /* KidViewModel.swift */ = {isa = PBXFileReference; fileEncoding = 4; lastKnownFileType = sourcecode.swift; path = KidViewModel.swift; sourceTree = "<group>"; };
		A2681E5E1B2067D000FA6C33 /* Int+Random.swift */ = {isa = PBXFileReference; fileEncoding = 4; lastKnownFileType = sourcecode.swift; path = "Int+Random.swift"; sourceTree = "<group>"; };
		A2681E5F1B2067D000FA6C33 /* UIColor+RGBA.swift */ = {isa = PBXFileReference; fileEncoding = 4; lastKnownFileType = sourcecode.swift; path = "UIColor+RGBA.swift"; sourceTree = "<group>"; };
		A2681E621B2067DF00FA6C33 /* toekomstbk-webfont.ttf */ = {isa = PBXFileReference; lastKnownFileType = file; path = "toekomstbk-webfont.ttf"; sourceTree = "<group>"; };
		A2681E631B2067DF00FA6C33 /* toekomstmd-webfont.ttf */ = {isa = PBXFileReference; lastKnownFileType = file; path = "toekomstmd-webfont.ttf"; sourceTree = "<group>"; };
		A2681E641B20686000FA6C33 /* Art.swift */ = {isa = PBXFileReference; fileEncoding = 4; lastKnownFileType = sourcecode.swift; path = Art.swift; sourceTree = "<group>"; };
		A2681E651B20686000FA6C33 /* FadeViewControllerTransition.swift */ = {isa = PBXFileReference; fileEncoding = 4; lastKnownFileType = sourcecode.swift; path = FadeViewControllerTransition.swift; sourceTree = "<group>"; };
		A271A0751B2068CC00351EB5 /* MediaPlayer.framework */ = {isa = PBXFileReference; lastKnownFileType = wrapper.framework; name = MediaPlayer.framework; path = System/Library/Frameworks/MediaPlayer.framework; sourceTree = SDKROOT; };
		A271A0771B2068E300351EB5 /* No Kiddin'-Bridging-Header.h */ = {isa = PBXFileReference; lastKnownFileType = sourcecode.c.h; path = "No Kiddin'-Bridging-Header.h"; sourceTree = "<group>"; };
		A274C3011B286BDB002A5F39 /* MoviePlayerController.swift */ = {isa = PBXFileReference; fileEncoding = 4; lastKnownFileType = sourcecode.swift; path = MoviePlayerController.swift; sourceTree = "<group>"; };
		A2898A7B1B2AED8400CA0E32 /* Lieke.srt */ = {isa = PBXFileReference; fileEncoding = 4; lastKnownFileType = text; path = Lieke.srt; sourceTree = "<group>"; };
		A2DE58581B2AE605007446FC /* Bodil.srt */ = {isa = PBXFileReference; fileEncoding = 4; lastKnownFileType = text; path = Bodil.srt; sourceTree = "<group>"; };
		A2DE58591B2AE605007446FC /* David.srt */ = {isa = PBXFileReference; fileEncoding = 4; lastKnownFileType = text; path = David.srt; sourceTree = "<group>"; };
		A2DE585A1B2AE605007446FC /* Esmee.srt */ = {isa = PBXFileReference; fileEncoding = 4; lastKnownFileType = text; path = Esmee.srt; sourceTree = "<group>"; };
		A2DE585B1B2AE605007446FC /* Ires.srt */ = {isa = PBXFileReference; fileEncoding = 4; lastKnownFileType = text; path = Ires.srt; sourceTree = "<group>"; };
		A2DE585C1B2AE605007446FC /* Isabel.srt */ = {isa = PBXFileReference; fileEncoding = 4; lastKnownFileType = text; path = Isabel.srt; sourceTree = "<group>"; };
		A2DE585D1B2AE605007446FC /* Ivo.srt */ = {isa = PBXFileReference; fileEncoding = 4; lastKnownFileType = text; path = Ivo.srt; sourceTree = "<group>"; };
		A2DE585E1B2AE605007446FC /* Jules.srt */ = {isa = PBXFileReference; fileEncoding = 4; lastKnownFileType = text; path = Jules.srt; sourceTree = "<group>"; };
		A2DE585F1B2AE605007446FC /* Lieve.srt */ = {isa = PBXFileReference; fileEncoding = 4; lastKnownFileType = text; path = Lieve.srt; sourceTree = "<group>"; };
		A2DE58601B2AE605007446FC /* Lola.srt */ = {isa = PBXFileReference; fileEncoding = 4; lastKnownFileType = text; path = Lola.srt; sourceTree = "<group>"; };
		A2DE58611B2AE605007446FC /* Mertcan.srt */ = {isa = PBXFileReference; fileEncoding = 4; lastKnownFileType = text; path = Mertcan.srt; sourceTree = "<group>"; };
		A2DE58621B2AE605007446FC /* Nanne.srt */ = {isa = PBXFileReference; fileEncoding = 4; lastKnownFileType = text; path = Nanne.srt; sourceTree = "<group>"; };
		A2DE58631B2AE605007446FC /* Nina.srt */ = {isa = PBXFileReference; fileEncoding = 4; lastKnownFileType = text; path = Nina.srt; sourceTree = "<group>"; };
		A2DE58641B2AE605007446FC /* Nora.srt */ = {isa = PBXFileReference; fileEncoding = 4; lastKnownFileType = text; path = Nora.srt; sourceTree = "<group>"; };
		A2DE58651B2AE605007446FC /* Puk.srt */ = {isa = PBXFileReference; fileEncoding = 4; lastKnownFileType = text; path = Puk.srt; sourceTree = "<group>"; };
		A2DE58661B2AE605007446FC /* Roel.srt */ = {isa = PBXFileReference; fileEncoding = 4; lastKnownFileType = text; path = Roel.srt; sourceTree = "<group>"; };
		DA605AB77B9BDE7BF1EEE732 /* Pods.debug.xcconfig */ = {isa = PBXFileReference; includeInIndex = 1; lastKnownFileType = text.xcconfig; name = Pods.debug.xcconfig; path = "Pods/Target Support Files/Pods/Pods.debug.xcconfig"; sourceTree = "<group>"; };
/* End PBXFileReference section */

/* Begin PBXFrameworksBuildPhase section */
		A2681E1E1B20671900FA6C33 /* Frameworks */ = {
			isa = PBXFrameworksBuildPhase;
			buildActionMask = 2147483647;
			files = (
				A271A0761B2068CC00351EB5 /* MediaPlayer.framework in Frameworks */,
				E5A9D192BE7C0B15B66225E9 /* libPods.a in Frameworks */,
			);
			runOnlyForDeploymentPostprocessing = 0;
		};
		A2681E331B20671900FA6C33 /* Frameworks */ = {
			isa = PBXFrameworksBuildPhase;
			buildActionMask = 2147483647;
			files = (
			);
			runOnlyForDeploymentPostprocessing = 0;
		};
/* End PBXFrameworksBuildPhase section */

/* Begin PBXGroup section */
		456925B45D23AED1B3713501 /* Frameworks */ = {
			isa = PBXGroup;
			children = (
				A271A0751B2068CC00351EB5 /* MediaPlayer.framework */,
				2E51000586C0E0F82BE8FF39 /* libPods.a */,
			);
			name = Frameworks;
			sourceTree = "<group>";
		};
		A2681E181B20671900FA6C33 = {
			isa = PBXGroup;
			children = (
				A2681E231B20671900FA6C33 /* No Kiddin' */,
				A2681E391B20671900FA6C33 /* No Kiddin'Tests */,
				A2681E221B20671900FA6C33 /* Products */,
				EBC8F218345FBE8E4066DD51 /* Pods */,
				456925B45D23AED1B3713501 /* Frameworks */,
			);
			sourceTree = "<group>";
		};
		A2681E221B20671900FA6C33 /* Products */ = {
			isa = PBXGroup;
			children = (
				A2681E211B20671900FA6C33 /* No Kiddin'.app */,
				A2681E361B20671900FA6C33 /* No Kiddin'Tests.xctest */,
			);
			name = Products;
			sourceTree = "<group>";
		};
		A2681E231B20671900FA6C33 /* No Kiddin' */ = {
			isa = PBXGroup;
			children = (
				A2681E261B20671900FA6C33 /* AppDelegate.swift */,
				A2681E5C1B2067AC00FA6C33 /* Extensions */,
				A2681E491B20674000FA6C33 /* Models */,
				A2681E461B20672A00FA6C33 /* Views */,
				A2681E481B20673900FA6C33 /* ViewModels */,
				A2681E471B20673300FA6C33 /* ViewControllers */,
				A2681E5D1B2067C200FA6C33 /* Fonts */,
				A2681E5A1B20677F00FA6C33 /* Media */,
				A2681E2D1B20671900FA6C33 /* Images.xcassets */,
				A2681E241B20671900FA6C33 /* Supporting Files */,
				A271A0771B2068E300351EB5 /* No Kiddin'-Bridging-Header.h */,
			);
			path = "No Kiddin'";
			sourceTree = "<group>";
		};
		A2681E241B20671900FA6C33 /* Supporting Files */ = {
			isa = PBXGroup;
			children = (
				A2681E251B20671900FA6C33 /* Info.plist */,
			);
			name = "Supporting Files";
			sourceTree = "<group>";
		};
		A2681E391B20671900FA6C33 /* No Kiddin'Tests */ = {
			isa = PBXGroup;
			children = (
				A2681E3C1B20671900FA6C33 /* No_Kiddin_Tests.swift */,
				A2681E3A1B20671900FA6C33 /* Supporting Files */,
			);
			path = "No Kiddin'Tests";
			sourceTree = "<group>";
		};
		A2681E3A1B20671900FA6C33 /* Supporting Files */ = {
			isa = PBXGroup;
			children = (
				A2681E3B1B20671900FA6C33 /* Info.plist */,
			);
			name = "Supporting Files";
			sourceTree = "<group>";
		};
		A2681E461B20672A00FA6C33 /* Views */ = {
			isa = PBXGroup;
			children = (
				A2681E4A1B20676300FA6C33 /* CornerView.swift */,
				A2681E4B1B20676300FA6C33 /* KidCollectionViewCell.swift */,
				A2681E4C1B20676300FA6C33 /* KidsCollectionView.swift */,
			);
			path = Views;
			sourceTree = "<group>";
		};
		A2681E471B20673300FA6C33 /* ViewControllers */ = {
			isa = PBXGroup;
			children = (
				A2681E501B20676A00FA6C33 /* DetailViewController.swift */,
				A2681E511B20676A00FA6C33 /* InfoViewController.swift */,
				A2681E521B20676A00FA6C33 /* KidsViewController.swift */,
				A274C3011B286BDB002A5F39 /* MoviePlayerController.swift */,
			);
			path = ViewControllers;
			sourceTree = "<group>";
		};
		A2681E481B20673900FA6C33 /* ViewModels */ = {
			isa = PBXGroup;
			children = (
				A2681E561B20677400FA6C33 /* DetailViewModel.swift */,
				A2681E571B20677400FA6C33 /* KidViewModel.swift */,
			);
			path = ViewModels;
			sourceTree = "<group>";
		};
		A2681E491B20674000FA6C33 /* Models */ = {
			isa = PBXGroup;
			children = (
				A2681E641B20686000FA6C33 /* Art.swift */,
				A2681E651B20686000FA6C33 /* FadeViewControllerTransition.swift */,
			);
			path = Models;
			sourceTree = "<group>";
		};
		A2681E5A1B20677F00FA6C33 /* Media */ = {
			isa = PBXGroup;
			children = (
				A23971A91B33035B00F6611F /* Bodil.mp3 */,
				A239718B1B33035300F6611F /* Ivo.mp3 */,
				A239718C1B33035300F6611F /* Ires.mp3 */,
				A239718D1B33035300F6611F /* Lieve.mp3 */,
				A239718E1B33035300F6611F /* Isabel.mp3 */,
				A239718F1B33035300F6611F /* Lieke.mp3 */,
				A23971901B33035300F6611F /* Nina.mp3 */,
				A23971911B33035300F6611F /* Esmee.mp3 */,
				A23971921B33035300F6611F /* Nanne.mp3 */,
				A23971931B33035300F6611F /* Roel.mp3 */,
				A23971941B33035300F6611F /* David.mp3 */,
				A23971951B33035300F6611F /* Lola.mp3 */,
				A23971961B33035300F6611F /* Mertcan.mp3 */,
				A23971971B33035300F6611F /* Puk.mp3 */,
				A23971981B33035300F6611F /* Nora.mp3 */,
				A23971991B33035300F6611F /* Jules.mp3 */,
				A2DE58581B2AE605007446FC /* Bodil.srt */,
				A2DE58591B2AE605007446FC /* David.srt */,
				A2DE585A1B2AE605007446FC /* Esmee.srt */,
				A2DE585B1B2AE605007446FC /* Ires.srt */,
				A2DE585C1B2AE605007446FC /* Isabel.srt */,
				A2DE585D1B2AE605007446FC /* Ivo.srt */,
				A2DE585E1B2AE605007446FC /* Jules.srt */,
				A2DE585F1B2AE605007446FC /* Lieve.srt */,
				A2DE58601B2AE605007446FC /* Lola.srt */,
				A2DE58611B2AE605007446FC /* Mertcan.srt */,
				A2DE58621B2AE605007446FC /* Nanne.srt */,
				A2DE58631B2AE605007446FC /* Nina.srt */,
				A2DE58641B2AE605007446FC /* Nora.srt */,
				A2DE58651B2AE605007446FC /* Puk.srt */,
				A2DE58661B2AE605007446FC /* Roel.srt */,
				A2898A7B1B2AED8400CA0E32 /* Lieke.srt */,
			);
			path = Media;
			sourceTree = "<group>";
		};
		A2681E5C1B2067AC00FA6C33 /* Extensions */ = {
			isa = PBXGroup;
			children = (
				A2681E5E1B2067D000FA6C33 /* Int+Random.swift */,
				A2681E5F1B2067D000FA6C33 /* UIColor+RGBA.swift */,
			);
			path = Extensions;
			sourceTree = "<group>";
		};
		A2681E5D1B2067C200FA6C33 /* Fonts */ = {
			isa = PBXGroup;
			children = (
				A2681E621B2067DF00FA6C33 /* toekomstbk-webfont.ttf */,
				A2681E631B2067DF00FA6C33 /* toekomstmd-webfont.ttf */,
			);
			path = Fonts;
			sourceTree = "<group>";
		};
		EBC8F218345FBE8E4066DD51 /* Pods */ = {
			isa = PBXGroup;
			children = (
				DA605AB77B9BDE7BF1EEE732 /* Pods.debug.xcconfig */,
				803E2B9C82D1B0D58EA891B4 /* Pods.release.xcconfig */,
			);
			name = Pods;
			sourceTree = "<group>";
		};
/* End PBXGroup section */

/* Begin PBXNativeTarget section */
		A2681E201B20671900FA6C33 /* No Kiddin' */ = {
			isa = PBXNativeTarget;
			buildConfigurationList = A2681E401B20671A00FA6C33 /* Build configuration list for PBXNativeTarget "No Kiddin'" */;
			buildPhases = (
				1FB8CE8FA94973FB9BAC8744 /* Check Pods Manifest.lock */,
				A2681E1D1B20671900FA6C33 /* Sources */,
				A2681E1E1B20671900FA6C33 /* Frameworks */,
				A2681E1F1B20671900FA6C33 /* Resources */,
				6F85EA094CE12D7653416D69 /* Copy Pods Resources */,
				A23971AB1B33042000F6611F /* ShellScript */,
			);
			buildRules = (
			);
			dependencies = (
			);
			name = "No Kiddin'";
			productName = "No Kiddin'";
			productReference = A2681E211B20671900FA6C33 /* No Kiddin'.app */;
			productType = "com.apple.product-type.application";
		};
		A2681E351B20671900FA6C33 /* No Kiddin'Tests */ = {
			isa = PBXNativeTarget;
			buildConfigurationList = A2681E431B20671A00FA6C33 /* Build configuration list for PBXNativeTarget "No Kiddin'Tests" */;
			buildPhases = (
				A2681E321B20671900FA6C33 /* Sources */,
				A2681E331B20671900FA6C33 /* Frameworks */,
				A2681E341B20671900FA6C33 /* Resources */,
			);
			buildRules = (
			);
			dependencies = (
				A2681E381B20671900FA6C33 /* PBXTargetDependency */,
			);
			name = "No Kiddin'Tests";
			productName = "No Kiddin'Tests";
			productReference = A2681E361B20671900FA6C33 /* No Kiddin'Tests.xctest */;
			productType = "com.apple.product-type.bundle.unit-test";
		};
/* End PBXNativeTarget section */

/* Begin PBXProject section */
		A2681E191B20671900FA6C33 /* Project object */ = {
			isa = PBXProject;
			attributes = {
				LastUpgradeCheck = 0630;
				ORGANIZATIONNAME = "Sjors Snoeren";
				TargetAttributes = {
					A2681E201B20671900FA6C33 = {
						CreatedOnToolsVersion = 6.3.2;
					};
					A2681E351B20671900FA6C33 = {
						CreatedOnToolsVersion = 6.3.2;
						TestTargetID = A2681E201B20671900FA6C33;
					};
				};
			};
			buildConfigurationList = A2681E1C1B20671900FA6C33 /* Build configuration list for PBXProject "No Kiddin'" */;
			compatibilityVersion = "Xcode 3.2";
			developmentRegion = English;
			hasScannedForEncodings = 0;
			knownRegions = (
				en,
				Base,
			);
			mainGroup = A2681E181B20671900FA6C33;
			productRefGroup = A2681E221B20671900FA6C33 /* Products */;
			projectDirPath = "";
			projectRoot = "";
			targets = (
				A2681E201B20671900FA6C33 /* No Kiddin' */,
				A2681E351B20671900FA6C33 /* No Kiddin'Tests */,
			);
		};
/* End PBXProject section */

/* Begin PBXResourcesBuildPhase section */
		A2681E1F1B20671900FA6C33 /* Resources */ = {
			isa = PBXResourcesBuildPhase;
			buildActionMask = 2147483647;
			files = (
				A2D550611B2070C8003DE371 /* toekomstbk-webfont.ttf in Resources */,
				A2898A7C1B2AED8400CA0E32 /* Lieke.srt in Resources */,
				A2D550621B2070C8003DE371 /* toekomstmd-webfont.ttf in Resources */,
				A2DE58681B2AE605007446FC /* David.srt in Resources */,
				A2DE58751B2AE605007446FC /* Roel.srt in Resources */,
				A2DE58691B2AE605007446FC /* Esmee.srt in Resources */,
				A23971A41B33035300F6611F /* Lola.mp3 in Resources */,
				A23971A61B33035300F6611F /* Puk.mp3 in Resources */,
				A23971A11B33035300F6611F /* Nanne.mp3 in Resources */,
				A2DE586A1B2AE605007446FC /* Ires.srt in Resources */,
				A239719E1B33035300F6611F /* Lieke.mp3 in Resources */,
				A2DE58741B2AE605007446FC /* Puk.srt in Resources */,
				A23971A01B33035300F6611F /* Esmee.mp3 in Resources */,
				A23971A51B33035300F6611F /* Mertcan.mp3 in Resources */,
				A2DE58711B2AE605007446FC /* Nanne.srt in Resources */,
				A23971A31B33035300F6611F /* David.mp3 in Resources */,
				A239719F1B33035300F6611F /* Nina.mp3 in Resources */,
				A2DE58731B2AE605007446FC /* Nora.srt in Resources */,
				A2DE586E1B2AE605007446FC /* Lieve.srt in Resources */,
				A23971A71B33035300F6611F /* Nora.mp3 in Resources */,
				A239719A1B33035300F6611F /* Ivo.mp3 in Resources */,
				A2DE58671B2AE605007446FC /* Bodil.srt in Resources */,
				A23971A81B33035300F6611F /* Jules.mp3 in Resources */,
				A2DE586F1B2AE605007446FC /* Lola.srt in Resources */,
				A2DE58721B2AE605007446FC /* Nina.srt in Resources */,
				A2681E2E1B20671900FA6C33 /* Images.xcassets in Resources */,
				A2DE586B1B2AE605007446FC /* Isabel.srt in Resources */,
				A239719D1B33035300F6611F /* Isabel.mp3 in Resources */,
				A23971A21B33035300F6611F /* Roel.mp3 in Resources */,
				A2DE586C1B2AE605007446FC /* Ivo.srt in Resources */,
				A23971AA1B33035B00F6611F /* Bodil.mp3 in Resources */,
				A2DE586D1B2AE605007446FC /* Jules.srt in Resources */,
				A239719C1B33035300F6611F /* Lieve.mp3 in Resources */,
				A239719B1B33035300F6611F /* Ires.mp3 in Resources */,
				A2DE58701B2AE605007446FC /* Mertcan.srt in Resources */,
			);
			runOnlyForDeploymentPostprocessing = 0;
		};
		A2681E341B20671900FA6C33 /* Resources */ = {
			isa = PBXResourcesBuildPhase;
			buildActionMask = 2147483647;
			files = (
			);
			runOnlyForDeploymentPostprocessing = 0;
		};
/* End PBXResourcesBuildPhase section */

/* Begin PBXShellScriptBuildPhase section */
		1FB8CE8FA94973FB9BAC8744 /* Check Pods Manifest.lock */ = {
			isa = PBXShellScriptBuildPhase;
			buildActionMask = 2147483647;
			files = (
			);
			inputPaths = (
			);
			name = "Check Pods Manifest.lock";
			outputPaths = (
			);
			runOnlyForDeploymentPostprocessing = 0;
			shellPath = /bin/sh;
			shellScript = "diff \"${PODS_ROOT}/../Podfile.lock\" \"${PODS_ROOT}/Manifest.lock\" > /dev/null\nif [[ $? != 0 ]] ; then\n    cat << EOM\nerror: The sandbox is not in sync with the Podfile.lock. Run 'pod install' or update your CocoaPods installation.\nEOM\n    exit 1\nfi\n";
			showEnvVarsInLog = 0;
		};
		6F85EA094CE12D7653416D69 /* Copy Pods Resources */ = {
			isa = PBXShellScriptBuildPhase;
			buildActionMask = 2147483647;
			files = (
			);
			inputPaths = (
			);
			name = "Copy Pods Resources";
			outputPaths = (
			);
			runOnlyForDeploymentPostprocessing = 0;
			shellPath = /bin/sh;
			shellScript = "\"${SRCROOT}/Pods/Target Support Files/Pods/Pods-resources.sh\"\n";
			showEnvVarsInLog = 0;
		};
		A23971AB1B33042000F6611F /* ShellScript */ = {
			isa = PBXShellScriptBuildPhase;
			buildActionMask = 2147483647;
			files = (
			);
			inputPaths = (
			);
			outputPaths = (
			);
			runOnlyForDeploymentPostprocessing = 0;
			shellPath = /bin/sh;
			shellScript = "./Fabric.framework/run ee7c4ce69ce69d996b6e6c5689b9b45970677c56 e485e3d549080e7ca90cf118076e343d37e25dcb241ee793b20592ade4e1baa2";
		};
/* End PBXShellScriptBuildPhase section */

/* Begin PBXSourcesBuildPhase section */
		A2681E1D1B20671900FA6C33 /* Sources */ = {
			isa = PBXSourcesBuildPhase;
			buildActionMask = 2147483647;
			files = (
				A2681E4E1B20676300FA6C33 /* KidCollectionViewCell.swift in Sources */,
				A2681E551B20676A00FA6C33 /* KidsViewController.swift in Sources */,
				A2681E601B2067D000FA6C33 /* Int+Random.swift in Sources */,
				A2681E611B2067D000FA6C33 /* UIColor+RGBA.swift in Sources */,
				A2681E4F1B20676300FA6C33 /* KidsCollectionView.swift in Sources */,
				A2681E671B20686000FA6C33 /* FadeViewControllerTransition.swift in Sources */,
				A2681E531B20676A00FA6C33 /* DetailViewController.swift in Sources */,
				A2681E271B20671900FA6C33 /* AppDelegate.swift in Sources */,
				A2681E541B20676A00FA6C33 /* InfoViewController.swift in Sources */,
				A274C3021B286BDB002A5F39 /* MoviePlayerController.swift in Sources */,
				A2681E4D1B20676300FA6C33 /* CornerView.swift in Sources */,
				A2681E581B20677400FA6C33 /* DetailViewModel.swift in Sources */,
				A2681E591B20677400FA6C33 /* KidViewModel.swift in Sources */,
				A2681E661B20686000FA6C33 /* Art.swift in Sources */,
			);
			runOnlyForDeploymentPostprocessing = 0;
		};
		A2681E321B20671900FA6C33 /* Sources */ = {
			isa = PBXSourcesBuildPhase;
			buildActionMask = 2147483647;
			files = (
				A2681E3D1B20671900FA6C33 /* No_Kiddin_Tests.swift in Sources */,
			);
			runOnlyForDeploymentPostprocessing = 0;
		};
/* End PBXSourcesBuildPhase section */

/* Begin PBXTargetDependency section */
		A2681E381B20671900FA6C33 /* PBXTargetDependency */ = {
			isa = PBXTargetDependency;
			target = A2681E201B20671900FA6C33 /* No Kiddin' */;
			targetProxy = A2681E371B20671900FA6C33 /* PBXContainerItemProxy */;
		};
/* End PBXTargetDependency section */

/* Begin XCBuildConfiguration section */
		A2681E3E1B20671A00FA6C33 /* Debug */ = {
			isa = XCBuildConfiguration;
			buildSettings = {
				ALWAYS_SEARCH_USER_PATHS = NO;
				CLANG_CXX_LANGUAGE_STANDARD = "gnu++0x";
				CLANG_CXX_LIBRARY = "libc++";
				CLANG_ENABLE_MODULES = YES;
				CLANG_ENABLE_OBJC_ARC = YES;
				CLANG_WARN_BOOL_CONVERSION = YES;
				CLANG_WARN_CONSTANT_CONVERSION = YES;
				CLANG_WARN_DIRECT_OBJC_ISA_USAGE = YES_ERROR;
				CLANG_WARN_EMPTY_BODY = YES;
				CLANG_WARN_ENUM_CONVERSION = YES;
				CLANG_WARN_INT_CONVERSION = YES;
				CLANG_WARN_OBJC_ROOT_CLASS = YES_ERROR;
				CLANG_WARN_UNREACHABLE_CODE = YES;
				CLANG_WARN__DUPLICATE_METHOD_MATCH = YES;
				"CODE_SIGN_IDENTITY[sdk=iphoneos*]" = "iPhone Developer";
				COPY_PHASE_STRIP = NO;
				DEBUG_INFORMATION_FORMAT = "dwarf-with-dsym";
				ENABLE_STRICT_OBJC_MSGSEND = YES;
				GCC_C_LANGUAGE_STANDARD = gnu99;
				GCC_DYNAMIC_NO_PIC = NO;
				GCC_NO_COMMON_BLOCKS = YES;
				GCC_OPTIMIZATION_LEVEL = 0;
				GCC_PREPROCESSOR_DEFINITIONS = (
					"DEBUG=1",
					"$(inherited)",
				);
				GCC_SYMBOLS_PRIVATE_EXTERN = NO;
				GCC_WARN_64_TO_32_BIT_CONVERSION = YES;
				GCC_WARN_ABOUT_RETURN_TYPE = YES_ERROR;
				GCC_WARN_UNDECLARED_SELECTOR = YES;
				GCC_WARN_UNINITIALIZED_AUTOS = YES_AGGRESSIVE;
				GCC_WARN_UNUSED_FUNCTION = YES;
				GCC_WARN_UNUSED_VARIABLE = YES;
				IPHONEOS_DEPLOYMENT_TARGET = 8.3;
				MTL_ENABLE_DEBUG_INFO = YES;
				ONLY_ACTIVE_ARCH = YES;
				SDKROOT = iphoneos;
				SWIFT_OPTIMIZATION_LEVEL = "-Onone";
				TARGETED_DEVICE_FAMILY = 2;
			};
			name = Debug;
		};
		A2681E3F1B20671A00FA6C33 /* Release */ = {
			isa = XCBuildConfiguration;
			buildSettings = {
				ALWAYS_SEARCH_USER_PATHS = NO;
				CLANG_CXX_LANGUAGE_STANDARD = "gnu++0x";
				CLANG_CXX_LIBRARY = "libc++";
				CLANG_ENABLE_MODULES = YES;
				CLANG_ENABLE_OBJC_ARC = YES;
				CLANG_WARN_BOOL_CONVERSION = YES;
				CLANG_WARN_CONSTANT_CONVERSION = YES;
				CLANG_WARN_DIRECT_OBJC_ISA_USAGE = YES_ERROR;
				CLANG_WARN_EMPTY_BODY = YES;
				CLANG_WARN_ENUM_CONVERSION = YES;
				CLANG_WARN_INT_CONVERSION = YES;
				CLANG_WARN_OBJC_ROOT_CLASS = YES_ERROR;
				CLANG_WARN_UNREACHABLE_CODE = YES;
				CLANG_WARN__DUPLICATE_METHOD_MATCH = YES;
				"CODE_SIGN_IDENTITY[sdk=iphoneos*]" = "iPhone Developer";
				COPY_PHASE_STRIP = NO;
				DEBUG_INFORMATION_FORMAT = "dwarf-with-dsym";
				ENABLE_NS_ASSERTIONS = NO;
				ENABLE_STRICT_OBJC_MSGSEND = YES;
				GCC_C_LANGUAGE_STANDARD = gnu99;
				GCC_NO_COMMON_BLOCKS = YES;
				GCC_WARN_64_TO_32_BIT_CONVERSION = YES;
				GCC_WARN_ABOUT_RETURN_TYPE = YES_ERROR;
				GCC_WARN_UNDECLARED_SELECTOR = YES;
				GCC_WARN_UNINITIALIZED_AUTOS = YES_AGGRESSIVE;
				GCC_WARN_UNUSED_FUNCTION = YES;
				GCC_WARN_UNUSED_VARIABLE = YES;
				IPHONEOS_DEPLOYMENT_TARGET = 8.3;
				MTL_ENABLE_DEBUG_INFO = NO;
				SDKROOT = iphoneos;
				TARGETED_DEVICE_FAMILY = 2;
				VALIDATE_PRODUCT = YES;
			};
			name = Release;
		};
		A2681E411B20671A00FA6C33 /* Debug */ = {
			isa = XCBuildConfiguration;
			baseConfigurationReference = DA605AB77B9BDE7BF1EEE732 /* Pods.debug.xcconfig */;
			buildSettings = {
				ASSETCATALOG_COMPILER_APPICON_NAME = AppIcon;
				ASSETCATALOG_COMPILER_LAUNCHIMAGE_NAME = LaunchImage;
				CLANG_ENABLE_MODULES = YES;
				FRAMEWORK_SEARCH_PATHS = (
					"$(inherited)",
					"$(PROJECT_DIR)/No",
					Kiddin,
					"$(PROJECT_DIR)/No",
					"Kiddin'",
				);
				INFOPLIST_FILE = "No Kiddin'/Info.plist";
				IPHONEOS_DEPLOYMENT_TARGET = 8.0;
				LD_RUNPATH_SEARCH_PATHS = "$(inherited) @executable_path/Frameworks";
				PRODUCT_NAME = "$(TARGET_NAME)";
				PROVISIONING_PROFILE = "ab44d2fc-2ae3-4a2e-86dd-c9abee03039f";
				SWIFT_OBJC_BRIDGING_HEADER = "No Kiddin'/No Kiddin'-Bridging-Header.h";
				SWIFT_OPTIMIZATION_LEVEL = "-Onone";
				TARGETED_DEVICE_FAMILY = 2;
			};
			name = Debug;
		};
		A2681E421B20671A00FA6C33 /* Release */ = {
			isa = XCBuildConfiguration;
			baseConfigurationReference = 803E2B9C82D1B0D58EA891B4 /* Pods.release.xcconfig */;
			buildSettings = {
				ASSETCATALOG_COMPILER_APPICON_NAME = AppIcon;
				ASSETCATALOG_COMPILER_LAUNCHIMAGE_NAME = LaunchImage;
				CLANG_ENABLE_MODULES = YES;
				FRAMEWORK_SEARCH_PATHS = (
					"$(inherited)",
					"$(PROJECT_DIR)/No",
					Kiddin,
					"$(PROJECT_DIR)/No",
					"Kiddin'",
				);
				INFOPLIST_FILE = "No Kiddin'/Info.plist";
				IPHONEOS_DEPLOYMENT_TARGET = 8.0;
				LD_RUNPATH_SEARCH_PATHS = "$(inherited) @executable_path/Frameworks";
				PRODUCT_NAME = "$(TARGET_NAME)";
				PROVISIONING_PROFILE = "ab44d2fc-2ae3-4a2e-86dd-c9abee03039f";
				SWIFT_OBJC_BRIDGING_HEADER = "No Kiddin'/No Kiddin'-Bridging-Header.h";
				TARGETED_DEVICE_FAMILY = 2;
			};
			name = Release;
		};
		A2681E441B20671A00FA6C33 /* Debug */ = {
			isa = XCBuildConfiguration;
			buildSettings = {
				BUNDLE_LOADER = "$(TEST_HOST)";
				FRAMEWORK_SEARCH_PATHS = (
					"$(SDKROOT)/Developer/Library/Frameworks",
					"$(inherited)",
				);
				GCC_PREPROCESSOR_DEFINITIONS = (
					"DEBUG=1",
					"$(inherited)",
				);
				INFOPLIST_FILE = "No Kiddin'Tests/Info.plist";
				LD_RUNPATH_SEARCH_PATHS = "$(inherited) @executable_path/Frameworks @loader_path/Frameworks";
				PRODUCT_NAME = "$(TARGET_NAME)";
				TEST_HOST = "$(BUILT_PRODUCTS_DIR)/No Kiddin'.app/No Kiddin'";
			};
			name = Debug;
		};
		A2681E451B20671A00FA6C33 /* Release */ = {
			isa = XCBuildConfiguration;
			buildSettings = {
				BUNDLE_LOADER = "$(TEST_HOST)";
				FRAMEWORK_SEARCH_PATHS = (
					"$(SDKROOT)/Developer/Library/Frameworks",
					"$(inherited)",
				);
				INFOPLIST_FILE = "No Kiddin'Tests/Info.plist";
				LD_RUNPATH_SEARCH_PATHS = "$(inherited) @executable_path/Frameworks @loader_path/Frameworks";
				PRODUCT_NAME = "$(TARGET_NAME)";
				TEST_HOST = "$(BUILT_PRODUCTS_DIR)/No Kiddin'.app/No Kiddin'";
			};
			name = Release;
		};
/* End XCBuildConfiguration section */

/* Begin XCConfigurationList section */
		A2681E1C1B20671900FA6C33 /* Build configuration list for PBXProject "No Kiddin'" */ = {
			isa = XCConfigurationList;
			buildConfigurations = (
				A2681E3E1B20671A00FA6C33 /* Debug */,
				A2681E3F1B20671A00FA6C33 /* Release */,
			);
			defaultConfigurationIsVisible = 0;
			defaultConfigurationName = Release;
		};
		A2681E401B20671A00FA6C33 /* Build configuration list for PBXNativeTarget "No Kiddin'" */ = {
			isa = XCConfigurationList;
			buildConfigurations = (
				A2681E411B20671A00FA6C33 /* Debug */,
				A2681E421B20671A00FA6C33 /* Release */,
			);
			defaultConfigurationIsVisible = 0;
			defaultConfigurationName = Release;
		};
		A2681E431B20671A00FA6C33 /* Build configuration list for PBXNativeTarget "No Kiddin'Tests" */ = {
			isa = XCConfigurationList;
			buildConfigurations = (
				A2681E441B20671A00FA6C33 /* Debug */,
				A2681E451B20671A00FA6C33 /* Release */,
			);
			defaultConfigurationIsVisible = 0;
			defaultConfigurationName = Release;
		};
/* End XCConfigurationList section */
	};
	rootObject = A2681E191B20671900FA6C33 /* Project object */;
}
